{
  "name": "rofi-2fa",
  "version": "1.0.0",
  "lockfileVersion": 1,
  "requires": true,
  "dependencies": {
    "jssha": {
      "version": "2.3.1",
      "resolved": "https://registry.npmjs.org/jssha/-/jssha-2.3.1.tgz",
      "integrity": "sha1-FHshJTaQNcpLL30hDcU58Amz3po="
    },
    "totp-generator": {
      "version": "0.0.6",
      "resolved": "https://registry.npmjs.org/totp-generator/-/totp-generator-0.0.6.tgz",
      "integrity": "sha1-lUG3QKbtcnYPQGI4+jVCTenLoaA=",
      "requires": {
        "jssha": "^2.3.0"
      }
    },
    "yaml": {
      "version": "1.0.2",
      "resolved": "https://registry.npmjs.org/yaml/-/yaml-1.0.2.tgz",
      "integrity": "sha512-vPmXtExk6AV7F5l2N5jW4LhbhZZPPN+xOK8x/+EgSXsXoawuo19Iqa+9nYMwrltsi6nl0rMKiROA/SAfG2OgUw=="
    }
  }
}
